{
    "_meta": {
        "hash": {
            "sha256": "c08b13e04a21f99416e3814b3f450be1a991c83e44052e465215c9a2f38822b9"
        },
        "pipfile-spec": 6,
        "requires": {
            "python_version": "3.7"
        },
        "sources": [
            {
                "name": "pypi",
                "url": "https://pypi.org/simple",
                "verify_ssl": true
            }
        ]
    },
    "default": {
        "basho-erlastic": {
            "hashes": [
                "sha256:d1596a881437f2be71a8426efed1566b7faefb97234cb21440700ecc8367c545"
            ],
            "version": "==2.1.1"
        },
        "boto3": {
            "hashes": [
                "sha256:177e9dd53db5028bb43050da20cc7956287889fc172e5e6275a634e42a10beeb",
                "sha256:8c63e616b91907037ab19236afbcf0057efb31411faf38b46f4590e634dc17ea"
            ],
            "index": "pypi",
            "version": "==1.9.50"
        },
        "botocore": {
            "hashes": [
                "sha256:07fae5a2b8cfb5a92c1dbee3f2feb4da7c471bcead7e18ce735babe5f39e270f",
                "sha256:eeaa190f50ee05a56225ee78c64cb8bf0c3bf090ec605ca6c2f325aa3826a347"
            ],
            "version": "==1.12.50"
        },
        "docutils": {
            "hashes": [
                "sha256:02aec4bd92ab067f6ff27a38a38a41173bf01bed8f89157768c1573f53e474a6",
                "sha256:51e64ef2ebfb29cae1faa133b3710143496eca21c530f3f71424d77687764274",
                "sha256:7a4bd47eaf6596e1295ecb11361139febe29b084a87bf005bf899f9a42edc3c6"
            ],
            "version": "==0.14"
        },
        "jmespath": {
            "hashes": [
                "sha256:6a81d4c9aa62caf061cb517b4d9ad1dd300374cd4706997aff9cd6aedd61fc64",
                "sha256:f11b4461f425740a1d908e9a3f7365c3d2e569f6ca68a2ff8bc5bcd9676edd63"
            ],
            "version": "==0.9.3"
        },
        "numpy": {
            "hashes": [
                "sha256:0df89ca13c25eaa1621a3f09af4c8ba20da849692dcae184cb55e80952c453fb",
                "sha256:154c35f195fd3e1fad2569930ca51907057ae35e03938f89a8aedae91dd1b7c7",
                "sha256:18e84323cdb8de3325e741a7a8dd4a82db74fde363dce32b625324c7b32aa6d7",
                "sha256:1e8956c37fc138d65ded2d96ab3949bd49038cc6e8a4494b1515b0ba88c91565",
                "sha256:23557bdbca3ccbde3abaa12a6e82299bc92d2b9139011f8c16ca1bb8c75d1e95",
                "sha256:24fd645a5e5d224aa6e39d93e4a722fafa9160154f296fd5ef9580191c755053",
                "sha256:36e36b6868e4440760d4b9b44587ea1dc1f06532858d10abba98e851e154ca70",
                "sha256:3d734559db35aa3697dadcea492a423118c5c55d176da2f3be9c98d4803fc2a7",
                "sha256:416a2070acf3a2b5d586f9a6507bb97e33574df5bd7508ea970bbf4fc563fa52",
                "sha256:4a22dc3f5221a644dfe4a63bf990052cc674ef12a157b1056969079985c92816",
                "sha256:4d8d3e5aa6087490912c14a3c10fbdd380b40b421c13920ff468163bc50e016f",
                "sha256:4f41fd159fba1245e1958a99d349df49c616b133636e0cf668f169bce2aeac2d",
                "sha256:561ef098c50f91fbac2cc9305b68c915e9eb915a74d9038ecf8af274d748f76f",
                "sha256:56994e14b386b5c0a9b875a76d22d707b315fa037affc7819cda08b6d0489756",
                "sha256:73a1f2a529604c50c262179fcca59c87a05ff4614fe8a15c186934d84d09d9a5",
                "sha256:7da99445fd890206bfcc7419f79871ba8e73d9d9e6b82fe09980bc5bb4efc35f",
                "sha256:99d59e0bcadac4aa3280616591fb7bcd560e2218f5e31d5223a2e12a1425d495",
                "sha256:a4cc09489843c70b22e8373ca3dfa52b3fab778b57cf81462f1203b0852e95e3",
                "sha256:a61dc29cfca9831a03442a21d4b5fd77e3067beca4b5f81f1a89a04a71cf93fa",
                "sha256:b1853df739b32fa913cc59ad9137caa9cc3d97ff871e2bbd89c2a2a1d4a69451",
                "sha256:b1f44c335532c0581b77491b7715a871d0dd72e97487ac0f57337ccf3ab3469b",
                "sha256:b261e0cb0d6faa8fd6863af26d30351fd2ffdb15b82e51e81e96b9e9e2e7ba16",
                "sha256:c857ae5dba375ea26a6228f98c195fec0898a0fd91bcf0e8a0cae6d9faf3eca7",
                "sha256:cf5bb4a7d53a71bb6a0144d31df784a973b36d8687d615ef6a7e9b1809917a9b",
                "sha256:db9814ff0457b46f2e1d494c1efa4111ca089e08c8b983635ebffb9c1573361f",
                "sha256:df04f4bad8a359daa2ff74f8108ea051670cafbca533bb2636c58b16e962989e",
                "sha256:ecf81720934a0e18526177e645cbd6a8a21bb0ddc887ff9738de07a1df5c6b61",
                "sha256:edfa6fba9157e0e3be0f40168eb142511012683ac3dc82420bee4a3f3981b30e"
            ],
            "version": "==1.15.4"
        },
        "opencv-python": {
            "hashes": [
                "sha256:03d4b5ebc2414965a51ff937e2bebfb14a046e5653443f2f1620e76cfa1834a3",
                "sha256:1c45c5dd335faab7c8f84d45fe35c43c17f67237b067fb4e570cc858c904cf17",
                "sha256:1d433cc5c0ddb679fdd92e5c510487476894496c4cf8a565882d7455df29d658",
                "sha256:1d860995d4510c86c5e9ee2c9b2026cf8681c52e0b7bbbcf3eb91030e320c0a3",
                "sha256:1de2ffdb04c3a5161f6a9a6adc6a63d5e3bd22bfc661e4631bbc9dc780471002",
                "sha256:2f38155daad6a2f8a9f33fbfa2ac683a8eaf20cb24e0723dacc9cef7ed6d3420",
                "sha256:496a3b7228fc8c3f6fc1f5dc71ca61e0a5168caa270e475d23901e81754626d6",
                "sha256:514d88f34512df951b66b42d29a513e3f1878bd28afd1b8645db6afba5eb1996",
                "sha256:5880eba246498d999cf4adec24521ad169f9c547a2a5ecbcda5b44fab5511a62",
                "sha256:5916a130912519aaa77b70486eb57ae53cb181cbc9a09abb0a12f97a55c9bbb1",
                "sha256:63593ef7f11e97b65a368f45ec6c565d1b3ff1b5600df233b8e56eed1384017d",
                "sha256:699c0f9648f7d694b7a17eff241b0de93083901993bb4754fab3af3531d0450a",
                "sha256:7b84a069da8a826d5de0950227726e8d9dbeaa19628c039ae7a0e195ebb33231",
                "sha256:86d2e8f003b0106e44d564230ecae1ee98f5020f4136821dfeeadfb688a21fc5",
                "sha256:9d8da6fec400d764fd6c220be9bf14d4efc725880ea453338c2ef89759086ee2",
                "sha256:a2803dc25288523c7a777c4e299075cf4e1bf608259c24bdbbfdd3b5901e93cb",
                "sha256:a4e7850ba96985ace46233779c719354b1d0885e2163aebb574c18193c1fb496",
                "sha256:c3a8b33be85bf60d7a75d6ddaf118bc51475ced656a2b289b3eaf07ce02ed0f2",
                "sha256:c4665715a1e04acd65554e60e92e5927d35db3cb9dc0d2c318fd75d94a7faa39",
                "sha256:cd9cacf436350c2713069125dd6d8e839ada8ac8009d8f91b791f3119cd7f55c",
                "sha256:ce1bb1d392f1eb454fa5ad48034cecd000d77c5c7cafb9d7fb9e5e4b609d072e",
                "sha256:d0b55ffc95a5b82488cc8e87821b6a69c107e0d048c0149a1532792783a8c056",
                "sha256:d9e05843f06b324fceb717bb2d9ab388099e784fadf0c4424e446e4166c4a2ff",
                "sha256:dad5f1d54395a0bd997dc61f51a037ee65055e90a0af6a0604264cfdebd7dbc4",
                "sha256:e1a4e2cce210577dc37b2464978735c9e6400854e0b47e0bdfe708e40a8455a8",
                "sha256:f67b7952ce6d6947dcd486000da4fee101e31d9b9980ecb0c03378ffe995c10d",
                "sha256:fe5e21e60a95cf46917beab04baf43a747272acfe3bbb65aa224b930b6e1bcc0"
            ],
            "index": "pypi",
            "version": "==3.4.3.18"
        },
        "plyvel": {
            "hashes": [
                "sha256:20a0a4a67d3708d0cf12042d6f44fc4a7b20102c373ef4263297d0932fe71a21",
                "sha256:64b2b53757dd810226170dda2a66600430204abaa77abac950f9d327b2c3bdd7",
                "sha256:943cf5dd52782913f423fd387c3166a55125a66c6507baeab6bc3c4ca45e9eee",
                "sha256:bc30c49fed2ba5c72a89380000e3d984d4d3568c89c1e8f83d2b5d69ae86764d",
                "sha256:c784ba0bc4f5f3216d1c284c8be1384d1f92289bd3d71433edeac72f2cef63b6",
                "sha256:d62a6f8b43002126365c304cb68dec1cda8531712ec78f6dd91c69747b0e6581",
                "sha256:d64d99fa457fbddb610516f109bd348da143f81324493a14dcb5231db06f8b91"
            ],
            "index": "pypi",
            "version": "==1.0.5"
        },
        "pyhocon": {
            "hashes": [
                "sha256:5d82709678b647bcce5fe02bb71ae555c11626f6f1f7fa44d9508171ad4d1421"
            ],
            "index": "pypi",
            "version": "==0.3.48"
        },
        "pyparsing": {
            "hashes": [
                "sha256:40856e74d4987de5d01761a22d1621ae1c7f8774585acae358aa5c5936c6c90b",
                "sha256:f353aab21fd474459d97b709e527b5571314ee5f067441dc9f88e33eecd96592"
            ],
            "version": "==2.3.0"
        },
        "python-dateutil": {
            "hashes": [
                "sha256:063df5763652e21de43de7d9e00ccf239f953a832941e37be541614732cdfc93",
                "sha256:88f9287c0174266bb0d8cedd395cfba9c58e87e5ad86b2ce58859bc11be3cf02"
            ],
            "markers": "python_version >= '2.7'",
            "version": "==2.7.5"
        },
        "python3-protobuf": {
            "hashes": [
                "sha256:d752c5e916f6f08df91f546ae53c755394530dc6c000fe1f48c03934751b9572"
            ],
            "version": "==2.5.0"
        },
        "riak": {
            "hashes": [
                "sha256:1c676b90fef357f60adc135ccd180ac28945b61b1367198a2a63df86e9bac1ca"
            ],
            "index": "pypi",
            "version": "==2.7.0"
        },
        "s3transfer": {
            "hashes": [
                "sha256:90dc18e028989c609146e241ea153250be451e05ecc0c2832565231dacdf59c1",
                "sha256:c7a9ec356982d5e9ab2d4b46391a7d6a950e2b04c472419f5fdec70cc0ada72f"
            ],
            "version": "==0.1.13"
        },
        "send2trash": {
            "hashes": [
                "sha256:60001cc07d707fe247c94f74ca6ac0d3255aabcb930529690897ca2a39db28b2",
                "sha256:f1691922577b6fa12821234aeb57599d887c4900b9ca537948d2dac34aea888b"
            ],
            "index": "pypi",
            "version": "==1.5.0"
        },
        "six": {
            "hashes": [
                "sha256:70e8a77beed4562e7f14fe23a786b54f6296e34344c23bc42f07b15018ff98e9",
                "sha256:832dc0e10feb1aa2c68dcc57dbb658f1c7e65b9b61af69048abc87a2db00a0eb"
            ],
            "version": "==1.11.0"
        },
        "urllib3": {
            "hashes": [
                "sha256:61bf29cada3fc2fbefad4fdf059ea4bd1b4a86d2b6d15e1c7c0b582b9752fe39",
                "sha256:de9529817c93f27c8ccbfead6985011db27bd0ddfcdb2d86f3f663385c6a9c22"
            ],
            "markers": "python_version >= '3.4'",
            "version": "==1.24.1"
        }
    },
    "develop": {}
}
